
Microsoft Visual Studio Solution File, Format Version 12.00
# Visual Studio Version 16
VisualStudioVersion = 16.0.29920.165
MinimumVisualStudioVersion = 10.0.40219.1
Project("{FAE04EC0-301F-11D3-BF4B-00C04F79EFBC}") = "Manufactory", "Manufactory.csproj", "{F4D88E4C-DA5C-412C-A72A-27EAA85CFBB4}"
EndProject
Global
	GlobalSection(SolutionConfigurationPlatforms) = preSolution
		Debug|Any CPU = Debug|Any CPU
		Release|Any CPU = Release|Any CPU
	EndGlobalSection
	GlobalSection(ProjectConfigurationPlatforms) = postSolution
		{F4D88E4C-DA5C-412C-A72A-27EAA85CFBB4}.Debug|Any CPU.ActiveCfg = Debug|Any CPU
		{F4D88E4C-DA5C-412C-A72A-27EAA85CFBB4}.Debug|Any CPU.Build.0 = Debug|Any CPU
		{F4D88E4C-DA5C-412C-A72A-27EAA85CFBB4}.Release|Any CPU.ActiveCfg = Release|Any CPU
		{F4D88E4C-DA5C-412C-A72A-27EAA85CFBB4}.Release|Any CPU.Build.0 = Release|Any CPU
	EndGlobalSection
	GlobalSection(SolutionProperties) = preSolution
		HideSolutionNode = FALSE
	EndGlobalSection
	GlobalSection(ExtensibilityGlobals) = postSolution
		SolutionGuid = {86667C2B-BA04-4367-B9F0-694DD8289D49}
	EndGlobalSection
EndGlobal
